{
  "name": "@aaronmyatt/relations-data-model",
  "version": "0.0.9",
  "lockfileVersion": 1,
  "requires": true,
  "dependencies": {
    "dexie": {
      "version": "3.0.2",
      "resolved": "https://registry.npmjs.org/dexie/-/dexie-3.0.2.tgz",
      "integrity": "sha512-go4FnIoAhcUiCdxutfIZRxnSaSyDgfEq+GH7N0I8nTCJbC2FmeBj+0FrETa3ln5ix+VQMOPsFeYHlgE/8SZWwQ=="
    },
    "dexie-export-import": {
      "version": "1.0.0-rc.2",
      "resolved": "https://registry.npmjs.org/dexie-export-import/-/dexie-export-import-1.0.0-rc.2.tgz",
      "integrity": "sha512-TRQ/I5oh2IyAWaRMSZ6vOsympgBANuryd/bKQGeXDf26stKHGkD3NoEmBgNnCBSWA1kcUeZkQurDNjJPoGVS2g==",
      "requires": {
        "dexie": "^3.0.0-alpha.5 || ^2.0.4"
      }
    }
  }
}
